Microsoft Visual Studio Solution File, Format Version 11.00
# Visual Studio 2008

Project("{69621292-E334-8280-95E4-ACECF29ED2F0}") = "SpaceRoguelike", "Assembly-CSharp-firstpass.csproj", "{6B3A6D59-ED20-1239-B0B0-4840784C4247}"
EndProject
Project("{69621292-E334-8280-95E4-ACECF29ED2F0}") = "SpaceRoguelike", "Assembly-CSharp.csproj", "{DF9F5B94-0499-3046-9B3F-20627A2B4E39}"
EndProject
Project("{69621292-E334-8280-95E4-ACECF29ED2F0}") = "SpaceRoguelike", "Assembly-CSharp-Editor.csproj", "{40A436CA-5BF6-29B8-9ED6-0F037E365DD3}"
EndProject
Project("{69621292-E334-8280-95E4-ACECF29ED2F0}") = "SpaceRoguelike", "Assembly-UnityScript-firstpass.unityproj", "{8148DDAC-BD8B-AB66-3CB0-DDEABCC3D037}"
EndProject
Project("{69621292-E334-8280-95E4-ACECF29ED2F0}") = "SpaceRoguelike", "Assembly-UnityScript.unityproj", "{F1C46265-C94D-39E1-CE00-86CFAC8E5ABB}"
EndProject
Global
	GlobalSection(SolutionConfigurationPlatforms) = preSolution
		Debug|Any CPU = Debug|Any CPU
		Release|Any CPU = Release|Any CPU
	EndGlobalSection
	GlobalSection(ProjectConfigurationPlatforms) = postSolution
		{6B3A6D59-ED20-1239-B0B0-4840784C4247}.Debug|Any CPU.ActiveCfg = Debug|Any CPU
		{6B3A6D59-ED20-1239-B0B0-4840784C4247}.Debug|Any CPU.Build.0 = Debug|Any CPU
		{6B3A6D59-ED20-1239-B0B0-4840784C4247}.Release|Any CPU.ActiveCfg = Release|Any CPU
		{6B3A6D59-ED20-1239-B0B0-4840784C4247}.Release|Any CPU.Build.0 = Release|Any CPU
		{DF9F5B94-0499-3046-9B3F-20627A2B4E39}.Debug|Any CPU.ActiveCfg = Debug|Any CPU
		{DF9F5B94-0499-3046-9B3F-20627A2B4E39}.Debug|Any CPU.Build.0 = Debug|Any CPU
		{DF9F5B94-0499-3046-9B3F-20627A2B4E39}.Release|Any CPU.ActiveCfg = Release|Any CPU
		{DF9F5B94-0499-3046-9B3F-20627A2B4E39}.Release|Any CPU.Build.0 = Release|Any CPU
		{40A436CA-5BF6-29B8-9ED6-0F037E365DD3}.Debug|Any CPU.ActiveCfg = Debug|Any CPU
		{40A436CA-5BF6-29B8-9ED6-0F037E365DD3}.Debug|Any CPU.Build.0 = Debug|Any CPU
		{40A436CA-5BF6-29B8-9ED6-0F037E365DD3}.Release|Any CPU.ActiveCfg = Release|Any CPU
		{40A436CA-5BF6-29B8-9ED6-0F037E365DD3}.Release|Any CPU.Build.0 = Release|Any CPU
		{8148DDAC-BD8B-AB66-3CB0-DDEABCC3D037}.Debug|Any CPU.ActiveCfg = Debug|Any CPU
		{8148DDAC-BD8B-AB66-3CB0-DDEABCC3D037}.Debug|Any CPU.Build.0 = Debug|Any CPU
		{8148DDAC-BD8B-AB66-3CB0-DDEABCC3D037}.Release|Any CPU.ActiveCfg = Release|Any CPU
		{8148DDAC-BD8B-AB66-3CB0-DDEABCC3D037}.Release|Any CPU.Build.0 = Release|Any CPU
		{F1C46265-C94D-39E1-CE00-86CFAC8E5ABB}.Debug|Any CPU.ActiveCfg = Debug|Any CPU
		{F1C46265-C94D-39E1-CE00-86CFAC8E5ABB}.Debug|Any CPU.Build.0 = Debug|Any CPU
		{F1C46265-C94D-39E1-CE00-86CFAC8E5ABB}.Release|Any CPU.ActiveCfg = Release|Any CPU
		{F1C46265-C94D-39E1-CE00-86CFAC8E5ABB}.Release|Any CPU.Build.0 = Release|Any CPU
	EndGlobalSection
	GlobalSection(SolutionProperties) = preSolution
		HideSolutionNode = FALSE
	EndGlobalSection
																																										GlobalSection(MonoDevelopProperties) = preSolution
		StartupItem = Assembly-CSharp.csproj
		Policies = $0
		$0.TextStylePolicy = $1
		$1.inheritsSet = null
		$1.scope = text/x-csharp
		$0.CSharpFormattingPolicy = $2
		$2.inheritsSet = Mono
		$2.inheritsScope = text/x-csharp
		$2.scope = text/x-csharp
		$0.TextStylePolicy = $3
		$3.FileWidth = 120
		$3.TabWidth = 4
		$3.EolMarker = Unix
		$3.inheritsSet = Mono
		$3.inheritsScope = text/plain
		$3.scope = text/plain
	EndGlobalSection

EndGlobal
